
Microsoft Visual Studio Solution File, Format Version 12.00
Project("{FAE04EC0-301F-11D3-BF4B-00C04F79EFBC}") = "PlayerCount", "PlayerCount\PlayerCount.csproj", "{DBF0FB8D-D0AB-4E67-B227-ADEFD5D84C89}"
EndProject
Global
	GlobalSection(SolutionConfigurationPlatforms) = preSolution
		Debug|Any CPU = Debug|Any CPU
		Release|Any CPU = Release|Any CPU
	EndGlobalSection
	GlobalSection(ProjectConfigurationPlatforms) = postSolution
		{DBF0FB8D-D0AB-4E67-B227-ADEFD5D84C89}.Debug|Any CPU.ActiveCfg = Debug|Any CPU
		{DBF0FB8D-D0AB-4E67-B227-ADEFD5D84C89}.Debug|Any CPU.Build.0 = Debug|Any CPU
		{DBF0FB8D-D0AB-4E67-B227-ADEFD5D84C89}.Release|Any CPU.ActiveCfg = Release|Any CPU
		{DBF0FB8D-D0AB-4E67-B227-ADEFD5D84C89}.Release|Any CPU.Build.0 = Release|Any CPU
	EndGlobalSection
EndGlobal
